PODS:
  - DCTAuth (3.0)

DEPENDENCIES:
  - DCTAuth (from `https://github.com/danielctull/DCTAuth.git`)

EXTERNAL SOURCES:
  DCTAuth:
    :git: https://github.com/danielctull/DCTAuth.git

CHECKOUT OPTIONS:
  DCTAuth:
    :commit: 0a8091a3fc165fb99a6f70cf15b3aed25252dad9
    :git: https://github.com/danielctull/DCTAuth.git

SPEC CHECKSUMS:
  DCTAuth: 8add154decd00335d62917828896bba790ce47fd

PODFILE CHECKSUM: e9e18e3333d9e2199c23c591f5e22abcc07537a4

COCOAPODS: 1.3.1
